
Microsoft Visual Studio Solution File, Format Version 12.00
# Visual Studio Version 17
VisualStudioVersion = 17.9.34714.143
MinimumVisualStudioVersion = 10.0.40219.1
Project("{FAE04EC0-301F-11D3-BF4B-00C04F79EFBC}") = "Dell", "DELL\Dell.csproj", "{78FC1E31-43AA-447F-ABC1-167AC2AEA5D9}"
EndProject
Global
	GlobalSection(SolutionConfigurationPlatforms) = preSolution
		Debug|Any CPU = Debug|Any CPU
		Release|Any CPU = Release|Any CPU
	EndGlobalSection
	GlobalSection(ProjectConfigurationPlatforms) = postSolution
		{78FC1E31-43AA-447F-ABC1-167AC2AEA5D9}.Debug|Any CPU.ActiveCfg = Debug|Any CPU
		{78FC1E31-43AA-447F-ABC1-167AC2AEA5D9}.Debug|Any CPU.Build.0 = Debug|Any CPU
		{78FC1E31-43AA-447F-ABC1-167AC2AEA5D9}.Release|Any CPU.ActiveCfg = Release|Any CPU
		{78FC1E31-43AA-447F-ABC1-167AC2AEA5D9}.Release|Any CPU.Build.0 = Release|Any CPU
	EndGlobalSection
	GlobalSection(SolutionProperties) = preSolution
		HideSolutionNode = FALSE
	EndGlobalSection
	GlobalSection(ExtensibilityGlobals) = postSolution
		SolutionGuid = {72475F55-C0D5-4FFC-B439-5CA447DE55F5}
	EndGlobalSection
EndGlobal
